// !$*UTF8*$!
{
	archiveVersion = 1;
	classes = {
	};
	objectVersion = 46;
	objects = {

/* Begin PBXBuildFile section */
		61BA68A01F70104D00257025 /* OSBarcodeScanner.m in Sources */ = {isa = PBXBuildFile; fileRef = 61BA689F1F70104D00257025 /* OSBarcodeScanner.m */; };
		61BA68A81F70106E00257025 /* OSBarcodeScannerLibTests.m in Sources */ = {isa = PBXBuildFile; fileRef = 61BA68A71F70106E00257025 /* OSBarcodeScannerLibTests.m */; };
		61BA68AA1F70106E00257025 /* libOSBarcodeScannerLib.a in Frameworks */ = {isa = PBXBuildFile; fileRef = 61BA68941F70103700257025 /* libOSBarcodeScannerLib.a */; };
		61BA68B21F7010F600257025 /* libCordova.a in Frameworks */ = {isa = PBXBuildFile; fileRef = 61BA688D1F700FD500257025 /* libCordova.a */; };
/* End PBXBuildFile section */

/* Begin PBXContainerItemProxy section */
		61BA688C1F700FD500257025 /* PBXContainerItemProxy */ = {
			isa = PBXContainerItemProxy;
			containerPortal = 61BA68871F700FD500257025 /* CordovaLib.xcodeproj */;
			proxyType = 2;
			remoteGlobalIDString = 68A32D7114102E1C006B237C;
			remoteInfo = CordovaLib;
		};
		61BA688E1F700FD500257025 /* PBXContainerItemProxy */ = {
			isa = PBXContainerItemProxy;
			containerPortal = 61BA68871F700FD500257025 /* CordovaLib.xcodeproj */;
			proxyType = 2;
			remoteGlobalIDString = C0C01EB21E3911D50056E6CB;
			remoteInfo = Cordova;
		};
		61BA68AB1F70106E00257025 /* PBXContainerItemProxy */ = {
			isa = PBXContainerItemProxy;
			containerPortal = 61BA68811F700FB900257025 /* Project object */;
			proxyType = 1;
			remoteGlobalIDString = 61BA68931F70103700257025;
			remoteInfo = OSBarcodeScannerLib;
		};
		61BA68B01F7010F100257025 /* PBXContainerItemProxy */ = {
			isa = PBXContainerItemProxy;
			containerPortal = 61BA68871F700FD500257025 /* CordovaLib.xcodeproj */;
			proxyType = 1;
			remoteGlobalIDString = D2AAC07D0554694100DB518D;
			remoteInfo = CordovaLib;
		};
/* End PBXContainerItemProxy section */

/* Begin PBXCopyFilesBuildPhase section */
		61BA68921F70103700257025 /* CopyFiles */ = {
			isa = PBXCopyFilesBuildPhase;
			buildActionMask = 2147483647;
			dstPath = "include/$(PRODUCT_NAME)";
			dstSubfolderSpec = 16;
			files = (
			);
			runOnlyForDeploymentPostprocessing = 0;
		};
/* End PBXCopyFilesBuildPhase section */

/* Begin PBXFileReference section */
		61BA68871F700FD500257025 /* CordovaLib.xcodeproj */ = {isa = PBXFileReference; lastKnownFileType = "wrapper.pb-project"; name = CordovaLib.xcodeproj; path = "../node_modules/cordova-ios/CordovaLib/CordovaLib.xcodeproj"; sourceTree = "<group>"; };
		61BA68941F70103700257025 /* libOSBarcodeScannerLib.a */ = {isa = PBXFileReference; explicitFileType = archive.ar; includeInIndex = 0; path = libOSBarcodeScannerLib.a; sourceTree = BUILT_PRODUCTS_DIR; };
		61BA689E1F70104D00257025 /* OSBarcodeScanner.h */ = {isa = PBXFileReference; fileEncoding = 4; lastKnownFileType = sourcecode.c.h; name = OSBarcodeScanner.h; path = ../../../src/ios/OSBarcodeScanner.h; sourceTree = "<group>"; };
		61BA689F1F70104D00257025 /* OSBarcodeScanner.m */ = {isa = PBXFileReference; fileEncoding = 4; lastKnownFileType = sourcecode.c.objc; name = OSBarcodeScanner.m; path = ../../../src/ios/OSBarcodeScanner.m; sourceTree = "<group>"; };
		61BA68A51F70106E00257025 /* OSBarcodeScannerLibTests.xctest */ = {isa = PBXFileReference; explicitFileType = wrapper.cfbundle; includeInIndex = 0; path = OSBarcodeScannerLibTests.xctest; sourceTree = BUILT_PRODUCTS_DIR; };
		61BA68A71F70106E00257025 /* OSBarcodeScannerLibTests.m */ = {isa = PBXFileReference; lastKnownFileType = sourcecode.c.objc; path = OSBarcodeScannerLibTests.m; sourceTree = "<group>"; };
		61BA68A91F70106E00257025 /* Info.plist */ = {isa = PBXFileReference; lastKnownFileType = text.plist.xml; path = Info.plist; sourceTree = "<group>"; };
/* End PBXFileReference section */

/* Begin PBXFrameworksBuildPhase section */
		61BA68911F70103700257025 /* Frameworks */ = {
			isa = PBXFrameworksBuildPhase;
			buildActionMask = 2147483647;
			files = (
				61BA68B21F7010F600257025 /* libCordova.a in Frameworks */,
			);
			runOnlyForDeploymentPostprocessing = 0;
		};
		61BA68A21F70106E00257025 /* Frameworks */ = {
			isa = PBXFrameworksBuildPhase;
			buildActionMask = 2147483647;
			files = (
				61BA68AA1F70106E00257025 /* libOSBarcodeScannerLib.a in Frameworks */,
			);
			runOnlyForDeploymentPostprocessing = 0;
		};
/* End PBXFrameworksBuildPhase section */

/* Begin PBXGroup section */
		61BA68801F700FB900257025 = {
			isa = PBXGroup;
			children = (
				61BA68871F700FD500257025 /* CordovaLib.xcodeproj */,
				61BA68961F70103700257025 /* OSBarcodeScannerLib */,
				61BA68A61F70106E00257025 /* OSBarcodeScannerLibTests */,
				61BA68951F70103700257025 /* Products */,
			);
			sourceTree = "<group>";
		};
		61BA68881F700FD500257025 /* Products */ = {
			isa = PBXGroup;
			children = (
				61BA688D1F700FD500257025 /* libCordova.a */,
				61BA688F1F700FD500257025 /* Cordova.framework */,
			);
			name = Products;
			sourceTree = "<group>";
		};
		61BA68951F70103700257025 /* Products */ = {
			isa = PBXGroup;
			children = (
				61BA68941F70103700257025 /* libOSBarcodeScannerLib.a */,
				61BA68A51F70106E00257025 /* OSBarcodeScannerLibTests.xctest */,
			);
			name = Products;
			sourceTree = "<group>";
		};
		61BA68961F70103700257025 /* OSBarcodeScannerLib */ = {
			isa = PBXGroup;
			children = (
				61BA689E1F70104D00257025 /* OSBarcodeScanner.h */,
				61BA689F1F70104D00257025 /* OSBarcodeScanner.m */,
			);
			name = OSBarcodeScannerLib;
			sourceTree = "<group>";
		};
		61BA68A61F70106E00257025 /* OSBarcodeScannerLibTests */ = {
			isa = PBXGroup;
			children = (
				61BA68A71F70106E00257025 /* OSBarcodeScannerLibTests.m */,
				61BA68A91F70106E00257025 /* Info.plist */,
			);
			path = OSBarcodeScannerLibTests;
			sourceTree = "<group>";
		};
/* End PBXGroup section */

/* Begin PBXNativeTarget section */
		61BA68931F70103700257025 /* OSBarcodeScannerLib */ = {
			isa = PBXNativeTarget;
			buildConfigurationList = 61BA689B1F70103700257025 /* Build configuration list for PBXNativeTarget "OSBarcodeScannerLib" */;
			buildPhases = (
				61BA68901F70103700257025 /* Sources */,
				61BA68911F70103700257025 /* Frameworks */,
				61BA68921F70103700257025 /* CopyFiles */,
			);
			buildRules = (
			);
			dependencies = (
				61BA68B11F7010F100257025 /* PBXTargetDependency */,
			);
			name = OSBarcodeScannerLib;
			productName = OSBarcodeScannerLib;
			productReference = 61BA68941F70103700257025 /* libOSBarcodeScannerLib.a */;
			productType = "com.apple.product-type.library.static";
		};
		61BA68A41F70106E00257025 /* OSBarcodeScannerLibTests */ = {
			isa = PBXNativeTarget;
			buildConfigurationList = 61BA68AD1F70106E00257025 /* Build configuration list for PBXNativeTarget "OSBarcodeScannerLibTests" */;
			buildPhases = (
				61BA68A11F70106E00257025 /* Sources */,
				61BA68A21F70106E00257025 /* Frameworks */,
				61BA68A31F70106E00257025 /* Resources */,
			);
			buildRules = (
			);
			dependencies = (
				61BA68AC1F70106E00257025 /* PBXTargetDependency */,
			);
			name = OSBarcodeScannerLibTests;
			productName = OSBarcodeScannerLibTests;
			productReference = 61BA68A51F70106E00257025 /* OSBarcodeScannerLibTests.xctest */;
			productType = "com.apple.product-type.bundle.unit-test";
		};
/* End PBXNativeTarget section */

/* Begin PBXProject section */
		61BA68811F700FB900257025 /* Project object */ = {
			isa = PBXProject;
			attributes = {
				LastUpgradeCheck = 0830;
				TargetAttributes = {
					61BA68931F70103700257025 = {
						CreatedOnToolsVersion = 8.3.3;
						ProvisioningStyle = Automatic;
					};
					61BA68A41F70106E00257025 = {
						CreatedOnToolsVersion = 8.3.3;
						ProvisioningStyle = Automatic;
					};
				};
			};
			buildConfigurationList = 61BA68841F700FB900257025 /* Build configuration list for PBXProject "OSBarcodeScannerTest" */;
			compatibilityVersion = "Xcode 3.2";
			developmentRegion = English;
			hasScannedForEncodings = 0;
			knownRegions = (
				en,
			);
			mainGroup = 61BA68801F700FB900257025;
			productRefGroup = 61BA68951F70103700257025 /* Products */;
			projectDirPath = "";
			projectReferences = (
				{
					ProductGroup = 61BA68881F700FD500257025 /* Products */;
					ProjectRef = 61BA68871F700FD500257025 /* CordovaLib.xcodeproj */;
				},
			);
			projectRoot = "";
			targets = (
				61BA68931F70103700257025 /* OSBarcodeScannerLib */,
				61BA68A41F70106E00257025 /* OSBarcodeScannerLibTests */,
			);
		};
/* End PBXProject section */

/* Begin PBXReferenceProxy section */
		61BA688D1F700FD500257025 /* libCordova.a */ = {
			isa = PBXReferenceProxy;
			fileType = archive.ar;
			path = libCordova.a;
			remoteRef = 61BA688C1F700FD500257025 /* PBXContainerItemProxy */;
			sourceTree = BUILT_PRODUCTS_DIR;
		};
		61BA688F1F700FD500257025 /* Cordova.framework */ = {
			isa = PBXReferenceProxy;
			fileType = wrapper.framework;
			path = Cordova.framework;
			remoteRef = 61BA688E1F700FD500257025 /* PBXContainerItemProxy */;
			sourceTree = BUILT_PRODUCTS_DIR;
		};
/* End PBXReferenceProxy section */

/* Begin PBXResourcesBuildPhase section */
		61BA68A31F70106E00257025 /* Resources */ = {
			isa = PBXResourcesBuildPhase;
			buildActionMask = 2147483647;
			files = (
			);
			runOnlyForDeploymentPostprocessing = 0;
		};
/* End PBXResourcesBuildPhase section */

/* Begin PBXSourcesBuildPhase section */
		61BA68901F70103700257025 /* Sources */ = {
			isa = PBXSourcesBuildPhase;
			buildActionMask = 2147483647;
			files = (
				61BA68A01F70104D00257025 /* OSBarcodeScanner.m in Sources */,
			);
			runOnlyForDeploymentPostprocessing = 0;
		};
		61BA68A11F70106E00257025 /* Sources */ = {
			isa = PBXSourcesBuildPhase;
			buildActionMask = 2147483647;
			files = (
				61BA68A81F70106E00257025 /* OSBarcodeScannerLibTests.m in Sources */,
			);
			runOnlyForDeploymentPostprocessing = 0;
		};
/* End PBXSourcesBuildPhase section */

/* Begin PBXTargetDependency section */
		61BA68AC1F70106E00257025 /* PBXTargetDependency */ = {
			isa = PBXTargetDependency;
			target = 61BA68931F70103700257025 /* OSBarcodeScannerLib */;
			targetProxy = 61BA68AB1F70106E00257025 /* PBXContainerItemProxy */;
		};
		61BA68B11F7010F100257025 /* PBXTargetDependency */ = {
			isa = PBXTargetDependency;
			name = CordovaLib;
			targetProxy = 61BA68B01F7010F100257025 /* PBXContainerItemProxy */;
		};
/* End PBXTargetDependency section */

/* Begin XCBuildConfiguration section */
		61BA68851F700FB900257025 /* Debug */ = {
			isa = XCBuildConfiguration;
			buildSettings = {
			};
			name = Debug;
		};
		61BA68861F700FB900257025 /* Release */ = {
			isa = XCBuildConfiguration;
			buildSettings = {
			};
			name = Release;
		};
		61BA689C1F70103700257025 /* Debug */ = {
			isa = XCBuildConfiguration;
			buildSettings = {
				ALWAYS_SEARCH_USER_PATHS = NO;
				CLANG_ANALYZER_NONNULL = YES;
				CLANG_ANALYZER_NUMBER_OBJECT_CONVERSION = YES_AGGRESSIVE;
				CLANG_CXX_LANGUAGE_STANDARD = "gnu++0x";
				CLANG_CXX_LIBRARY = "libc++";
				CLANG_ENABLE_MODULES = YES;
				CLANG_ENABLE_OBJC_ARC = YES;
				CLANG_WARN_BOOL_CONVERSION = YES;
				CLANG_WARN_CONSTANT_CONVERSION = YES;
				CLANG_WARN_DIRECT_OBJC_ISA_USAGE = YES_ERROR;
				CLANG_WARN_DOCUMENTATION_COMMENTS = YES;
				CLANG_WARN_EMPTY_BODY = YES;
				CLANG_WARN_ENUM_CONVERSION = YES;
				CLANG_WARN_INFINITE_RECURSION = YES;
				CLANG_WARN_INT_CONVERSION = YES;
				CLANG_WARN_OBJC_ROOT_CLASS = YES_ERROR;
				CLANG_WARN_SUSPICIOUS_MOVE = YES;
				CLANG_WARN_UNREACHABLE_CODE = YES;
				CLANG_WARN__DUPLICATE_METHOD_MATCH = YES;
				"CODE_SIGN_IDENTITY[sdk=iphoneos*]" = "iPhone Developer";
				COPY_PHASE_STRIP = NO;
				DEBUG_INFORMATION_FORMAT = dwarf;
				ENABLE_STRICT_OBJC_MSGSEND = YES;
				ENABLE_TESTABILITY = YES;
				GCC_C_LANGUAGE_STANDARD = gnu99;
				GCC_DYNAMIC_NO_PIC = NO;
				GCC_NO_COMMON_BLOCKS = YES;
				GCC_OPTIMIZATION_LEVEL = 0;
				GCC_PREPROCESSOR_DEFINITIONS = (
					"DEBUG=1",
					"$(inherited)",
				);
				GCC_WARN_64_TO_32_BIT_CONVERSION = YES;
				GCC_WARN_ABOUT_RETURN_TYPE = YES_ERROR;
				GCC_WARN_UNDECLARED_SELECTOR = YES;
				GCC_WARN_UNINITIALIZED_AUTOS = YES_AGGRESSIVE;
				GCC_WARN_UNUSED_FUNCTION = YES;
				GCC_WARN_UNUSED_VARIABLE = YES;
				IPHONEOS_DEPLOYMENT_TARGET = 10.3;
				MTL_ENABLE_DEBUG_INFO = YES;
				ONLY_ACTIVE_ARCH = YES;
				OTHER_LDFLAGS = "-ObjC";
				PRODUCT_NAME = "$(TARGET_NAME)";
				SDKROOT = iphoneos;
				SKIP_INSTALL = YES;
			};
			name = Debug;
		};
		61BA689D1F70103700257025 /* Release */ = {
			isa = XCBuildConfiguration;
			buildSettings = {
				ALWAYS_SEARCH_USER_PATHS = NO;
				CLANG_ANALYZER_NONNULL = YES;
				CLANG_ANALYZER_NUMBER_OBJECT_CONVERSION = YES_AGGRESSIVE;
				CLANG_CXX_LANGUAGE_STANDARD = "gnu++0x";
				CLANG_CXX_LIBRARY = "libc++";
				CLANG_ENABLE_MODULES = YES;
				CLANG_ENABLE_OBJC_ARC = YES;
				CLANG_WARN_BOOL_CONVERSION = YES;
				CLANG_WARN_CONSTANT_CONVERSION = YES;
				CLANG_WARN_DIRECT_OBJC_ISA_USAGE = YES_ERROR;
				CLANG_WARN_DOCUMENTATION_COMMENTS = YES;
				CLANG_WARN_EMPTY_BODY = YES;
				CLANG_WARN_ENUM_CONVERSION = YES;
				CLANG_WARN_INFINITE_RECURSION = YES;
				CLANG_WARN_INT_CONVERSION = YES;
				CLANG_WARN_OBJC_ROOT_CLASS = YES_ERROR;
				CLANG_WARN_SUSPICIOUS_MOVE = YES;
				CLANG_WARN_UNREACHABLE_CODE = YES;
				CLANG_WARN__DUPLICATE_METHOD_MATCH = YES;
				"CODE_SIGN_IDENTITY[sdk=iphoneos*]" = "iPhone Developer";
				COPY_PHASE_STRIP = NO;
				DEBUG_INFORMATION_FORMAT = "dwarf-with-dsym";
				ENABLE_NS_ASSERTIONS = NO;
				ENABLE_STRICT_OBJC_MSGSEND = YES;
				GCC_C_LANGUAGE_STANDARD = gnu99;
				GCC_NO_COMMON_BLOCKS = YES;
				GCC_WARN_64_TO_32_BIT_CONVERSION = YES;
				GCC_WARN_ABOUT_RETURN_TYPE = YES_ERROR;
				GCC_WARN_UNDECLARED_SELECTOR = YES;
				GCC_WARN_UNINITIALIZED_AUTOS = YES_AGGRESSIVE;
				GCC_WARN_UNUSED_FUNCTION = YES;
				GCC_WARN_UNUSED_VARIABLE = YES;
				IPHONEOS_DEPLOYMENT_TARGET = 10.3;
				MTL_ENABLE_DEBUG_INFO = NO;
				OTHER_LDFLAGS = "-ObjC";
				PRODUCT_NAME = "$(TARGET_NAME)";
				SDKROOT = iphoneos;
				SKIP_INSTALL = YES;
				VALIDATE_PRODUCT = YES;
			};
			name = Release;
		};
		61BA68AE1F70106E00257025 /* Debug */ = {
			isa = XCBuildConfiguration;
			buildSettings = {
				ALWAYS_SEARCH_USER_PATHS = NO;
				CLANG_ANALYZER_NONNULL = YES;
				CLANG_ANALYZER_NUMBER_OBJECT_CONVERSION = YES_AGGRESSIVE;
				CLANG_CXX_LANGUAGE_STANDARD = "gnu++0x";
				CLANG_CXX_LIBRARY = "libc++";
				CLANG_ENABLE_MODULES = YES;
				CLANG_ENABLE_OBJC_ARC = YES;
				CLANG_WARN_BOOL_CONVERSION = YES;
				CLANG_WARN_CONSTANT_CONVERSION = YES;
				CLANG_WARN_DIRECT_OBJC_ISA_USAGE = YES_ERROR;
				CLANG_WARN_DOCUMENTATION_COMMENTS = YES;
				CLANG_WARN_EMPTY_BODY = YES;
				CLANG_WARN_ENUM_CONVERSION = YES;
				CLANG_WARN_INFINITE_RECURSION = YES;
				CLANG_WARN_INT_CONVERSION = YES;
				CLANG_WARN_OBJC_ROOT_CLASS = YES_ERROR;
				CLANG_WARN_SUSPICIOUS_MOVE = YES;
				CLANG_WARN_UNREACHABLE_CODE = YES;
				CLANG_WARN__DUPLICATE_METHOD_MATCH = YES;
				"CODE_SIGN_IDENTITY[sdk=iphoneos*]" = "iPhone Developer";
				COPY_PHASE_STRIP = NO;
				DEBUG_INFORMATION_FORMAT = dwarf;
				ENABLE_STRICT_OBJC_MSGSEND = YES;
				ENABLE_TESTABILITY = YES;
				GCC_C_LANGUAGE_STANDARD = gnu99;
				GCC_DYNAMIC_NO_PIC = NO;
				GCC_NO_COMMON_BLOCKS = YES;
				GCC_OPTIMIZATION_LEVEL = 0;
				GCC_PREPROCESSOR_DEFINITIONS = (
					"DEBUG=1",
					"$(inherited)",
				);
				GCC_WARN_64_TO_32_BIT_CONVERSION = YES;
				GCC_WARN_ABOUT_RETURN_TYPE = YES_ERROR;
				GCC_WARN_UNDECLARED_SELECTOR = YES;
				GCC_WARN_UNINITIALIZED_AUTOS = YES_AGGRESSIVE;
				GCC_WARN_UNUSED_FUNCTION = YES;
				GCC_WARN_UNUSED_VARIABLE = YES;
				INFOPLIST_FILE = OSBarcodeScannerLibTests/Info.plist;
				IPHONEOS_DEPLOYMENT_TARGET = 10.3;
				LD_RUNPATH_SEARCH_PATHS = "$(inherited) @executable_path/Frameworks @loader_path/Frameworks";
				MTL_ENABLE_DEBUG_INFO = YES;
				ONLY_ACTIVE_ARCH = YES;
				PRODUCT_BUNDLE_IDENTIFIER = com.outsystems.plugins.template.OSBarcodeScannerLibTests;
				PRODUCT_NAME = "$(TARGET_NAME)";
				SDKROOT = iphoneos;
			};
			name = Debug;
		};
		61BA68AF1F70106E00257025 /* Release */ = {
			isa = XCBuildConfiguration;
			buildSettings = {
				ALWAYS_SEARCH_USER_PATHS = NO;
				CLANG_ANALYZER_NONNULL = YES;
				CLANG_ANALYZER_NUMBER_OBJECT_CONVERSION = YES_AGGRESSIVE;
				CLANG_CXX_LANGUAGE_STANDARD = "gnu++0x";
				CLANG_CXX_LIBRARY = "libc++";
				CLANG_ENABLE_MODULES = YES;
				CLANG_ENABLE_OBJC_ARC = YES;
				CLANG_WARN_BOOL_CONVERSION = YES;
				CLANG_WARN_CONSTANT_CONVERSION = YES;
				CLANG_WARN_DIRECT_OBJC_ISA_USAGE = YES_ERROR;
				CLANG_WARN_DOCUMENTATION_COMMENTS = YES;
				CLANG_WARN_EMPTY_BODY = YES;
				CLANG_WARN_ENUM_CONVERSION = YES;
				CLANG_WARN_INFINITE_RECURSION = YES;
				CLANG_WARN_INT_CONVERSION = YES;
				CLANG_WARN_OBJC_ROOT_CLASS = YES_ERROR;
				CLANG_WARN_SUSPICIOUS_MOVE = YES;
				CLANG_WARN_UNREACHABLE_CODE = YES;
				CLANG_WARN__DUPLICATE_METHOD_MATCH = YES;
				"CODE_SIGN_IDENTITY[sdk=iphoneos*]" = "iPhone Developer";
				COPY_PHASE_STRIP = NO;
				DEBUG_INFORMATION_FORMAT = "dwarf-with-dsym";
				ENABLE_NS_ASSERTIONS = NO;
				ENABLE_STRICT_OBJC_MSGSEND = YES;
				GCC_C_LANGUAGE_STANDARD = gnu99;
				GCC_NO_COMMON_BLOCKS = YES;
				GCC_WARN_64_TO_32_BIT_CONVERSION = YES;
				GCC_WARN_ABOUT_RETURN_TYPE = YES_ERROR;
				GCC_WARN_UNDECLARED_SELECTOR = YES;
				GCC_WARN_UNINITIALIZED_AUTOS = YES_AGGRESSIVE;
				GCC_WARN_UNUSED_FUNCTION = YES;
				GCC_WARN_UNUSED_VARIABLE = YES;
				INFOPLIST_FILE = OSBarcodeScannerLibTests/Info.plist;
				IPHONEOS_DEPLOYMENT_TARGET = 10.3;
				LD_RUNPATH_SEARCH_PATHS = "$(inherited) @executable_path/Frameworks @loader_path/Frameworks";
				MTL_ENABLE_DEBUG_INFO = NO;
				PRODUCT_BUNDLE_IDENTIFIER = com.outsystems.plugins.template.OSBarcodeScannerLibTests;
				PRODUCT_NAME = "$(TARGET_NAME)";
				SDKROOT = iphoneos;
				VALIDATE_PRODUCT = YES;
			};
			name = Release;
		};
/* End XCBuildConfiguration section */

/* Begin XCConfigurationList section */
		61BA68841F700FB900257025 /* Build configuration list for PBXProject "OSBarcodeScannerTest" */ = {
			isa = XCConfigurationList;
			buildConfigurations = (
				61BA68851F700FB900257025 /* Debug */,
				61BA68861F700FB900257025 /* Release */,
			);
			defaultConfigurationIsVisible = 0;
			defaultConfigurationName = Release;
		};
		61BA689B1F70103700257025 /* Build configuration list for PBXNativeTarget "OSBarcodeScannerLib" */ = {
			isa = XCConfigurationList;
			buildConfigurations = (
				61BA689C1F70103700257025 /* Debug */,
				61BA689D1F70103700257025 /* Release */,
			);
			defaultConfigurationIsVisible = 0;
			defaultConfigurationName = Release;
		};
		61BA68AD1F70106E00257025 /* Build configuration list for PBXNativeTarget "OSBarcodeScannerLibTests" */ = {
			isa = XCConfigurationList;
			buildConfigurations = (
				61BA68AE1F70106E00257025 /* Debug */,
				61BA68AF1F70106E00257025 /* Release */,
			);
			defaultConfigurationIsVisible = 0;
			defaultConfigurationName = Release;
		};
/* End XCConfigurationList section */
	};
	rootObject = 61BA68811F700FB900257025 /* Project object */;
}
